
Microsoft Visual Studio Solution File, Format Version 12.00
# Visual Studio Version 17
VisualStudioVersion = 17.9.34526.213
MinimumVisualStudioVersion = 10.0.40219.1
Project("{2150E333-8FDC-42A3-9474-1A3956D46DE8}") = "Microservices", "Microservices", "{4ED836F6-CAB5-4CC3-9853-D6EC4D752518}"
EndProject
Project("{2150E333-8FDC-42A3-9474-1A3956D46DE8}") = "API", "API", "{AA36CF97-1A6C-4950-BAD9-9CF9C7209AA6}"
EndProject
Project("{9A19103F-16F7-4668-BE54-9A1E7A4F7556}") = "APIGateway", "APIGateway\APIGateway.csproj", "{BAC77EF3-CBE5-4F82-8B29-EE3B3DA24193}"
EndProject
Project("{9A19103F-16F7-4668-BE54-9A1E7A4F7556}") = "HtmlHelper", "HtmlHelper\HtmlHelper.csproj", "{4CE5129F-0FDA-43C8-B60A-8F62C2A47F8E}"
EndProject
Project("{9A19103F-16F7-4668-BE54-9A1E7A4F7556}") = "DatLich", "DatLich\DatLich.csproj", "{89A9C9FF-04F3-42EE-8A28-D16692C6DDB6}"
EndProject
Project("{2150E333-8FDC-42A3-9474-1A3956D46DE8}") = "context", "context", "{551DE888-92A5-4A96-81DF-9E4F6221743A}"
EndProject
Project("{9A19103F-16F7-4668-BE54-9A1E7A4F7556}") = "TaiKhoan", "TaiKhoan\TaiKhoan.csproj", "{60BDDB4D-25E5-4AD3-886B-F46128BED314}"
EndProject
Project("{2150E333-8FDC-42A3-9474-1A3956D46DE8}") = "package", "package", "{37164393-05D5-4264-AF8E-CFB2ADCD3BD6}"
EndProject
Project("{2150E333-8FDC-42A3-9474-1A3956D46DE8}") = "Unilevel", "Unilevel", "{B0FDCC01-1F8B-434B-8C1C-FEE7B584E5BC}"
EndProject
Project("{9A19103F-16F7-4668-BE54-9A1E7A4F7556}") = "unilevel.Web", "unilevel.Web\unilevel.Web.csproj", "{A27035C3-1471-40C4-B01C-38B085CB66E1}"
EndProject
Project("{9A19103F-16F7-4668-BE54-9A1E7A4F7556}") = "Lichviengtham", "Lichviengtham\Lichviengtham.csproj", "{E7E4FCBF-AA78-4A81-97E6-C3C852ED34B5}"
EndProject
Project("{9A19103F-16F7-4668-BE54-9A1E7A4F7556}") = "Thongbao", "Thongbao\Thongbao.csproj", "{5B628323-41C7-42F4-8162-17877D3C429D}"
EndProject
Project("{9A19103F-16F7-4668-BE54-9A1E7A4F7556}") = "KhuVucPhanPhoi", "KhuVucPhanPhoi\KhuVucPhanPhoi.csproj", "{AEE87CBB-1707-4B41-B10B-66F8E1288271}"
EndProject
Project("{9A19103F-16F7-4668-BE54-9A1E7A4F7556}") = "ChucvuPhanquyen", "ChucvuPhanquyen\ChucvuPhanquyen.csproj", "{C8C3D73A-F652-4061-9BFA-9499BBA33FD8}"
EndProject
Project("{9A19103F-16F7-4668-BE54-9A1E7A4F7556}") = "AuthAPI", "AuthAPI\AuthAPI.csproj", "{EFC7E6C0-2180-488D-B4B6-BCBE55CBD866}"
EndProject
Project("{9A19103F-16F7-4668-BE54-9A1E7A4F7556}") = "ReadFile", "ReadFile\ReadFile.csproj", "{AF6C12C5-DEB4-47D5-9FE7-AFE9B3DBEE3E}"
EndProject
Global
	GlobalSection(SolutionConfigurationPlatforms) = preSolution
		Debug|Any CPU = Debug|Any CPU
		Release|Any CPU = Release|Any CPU
	EndGlobalSection
	GlobalSection(ProjectConfigurationPlatforms) = postSolution
		{BAC77EF3-CBE5-4F82-8B29-EE3B3DA24193}.Debug|Any CPU.ActiveCfg = Debug|Any CPU
		{BAC77EF3-CBE5-4F82-8B29-EE3B3DA24193}.Debug|Any CPU.Build.0 = Debug|Any CPU
		{BAC77EF3-CBE5-4F82-8B29-EE3B3DA24193}.Release|Any CPU.ActiveCfg = Release|Any CPU
		{BAC77EF3-CBE5-4F82-8B29-EE3B3DA24193}.Release|Any CPU.Build.0 = Release|Any CPU
		{4CE5129F-0FDA-43C8-B60A-8F62C2A47F8E}.Debug|Any CPU.ActiveCfg = Debug|Any CPU
		{4CE5129F-0FDA-43C8-B60A-8F62C2A47F8E}.Debug|Any CPU.Build.0 = Debug|Any CPU
		{4CE5129F-0FDA-43C8-B60A-8F62C2A47F8E}.Release|Any CPU.ActiveCfg = Release|Any CPU
		{4CE5129F-0FDA-43C8-B60A-8F62C2A47F8E}.Release|Any CPU.Build.0 = Release|Any CPU
		{89A9C9FF-04F3-42EE-8A28-D16692C6DDB6}.Debug|Any CPU.ActiveCfg = Debug|Any CPU
		{89A9C9FF-04F3-42EE-8A28-D16692C6DDB6}.Debug|Any CPU.Build.0 = Debug|Any CPU
		{89A9C9FF-04F3-42EE-8A28-D16692C6DDB6}.Release|Any CPU.ActiveCfg = Release|Any CPU
		{89A9C9FF-04F3-42EE-8A28-D16692C6DDB6}.Release|Any CPU.Build.0 = Release|Any CPU
		{60BDDB4D-25E5-4AD3-886B-F46128BED314}.Debug|Any CPU.ActiveCfg = Debug|Any CPU
		{60BDDB4D-25E5-4AD3-886B-F46128BED314}.Debug|Any CPU.Build.0 = Debug|Any CPU
		{60BDDB4D-25E5-4AD3-886B-F46128BED314}.Release|Any CPU.ActiveCfg = Release|Any CPU
		{60BDDB4D-25E5-4AD3-886B-F46128BED314}.Release|Any CPU.Build.0 = Release|Any CPU
		{A27035C3-1471-40C4-B01C-38B085CB66E1}.Debug|Any CPU.ActiveCfg = Debug|Any CPU
		{A27035C3-1471-40C4-B01C-38B085CB66E1}.Debug|Any CPU.Build.0 = Debug|Any CPU
		{A27035C3-1471-40C4-B01C-38B085CB66E1}.Release|Any CPU.ActiveCfg = Release|Any CPU
		{A27035C3-1471-40C4-B01C-38B085CB66E1}.Release|Any CPU.Build.0 = Release|Any CPU
		{E7E4FCBF-AA78-4A81-97E6-C3C852ED34B5}.Debug|Any CPU.ActiveCfg = Debug|Any CPU
		{E7E4FCBF-AA78-4A81-97E6-C3C852ED34B5}.Debug|Any CPU.Build.0 = Debug|Any CPU
		{E7E4FCBF-AA78-4A81-97E6-C3C852ED34B5}.Release|Any CPU.ActiveCfg = Release|Any CPU
		{E7E4FCBF-AA78-4A81-97E6-C3C852ED34B5}.Release|Any CPU.Build.0 = Release|Any CPU
		{5B628323-41C7-42F4-8162-17877D3C429D}.Debug|Any CPU.ActiveCfg = Debug|Any CPU
		{5B628323-41C7-42F4-8162-17877D3C429D}.Debug|Any CPU.Build.0 = Debug|Any CPU
		{5B628323-41C7-42F4-8162-17877D3C429D}.Release|Any CPU.ActiveCfg = Release|Any CPU
		{5B628323-41C7-42F4-8162-17877D3C429D}.Release|Any CPU.Build.0 = Release|Any CPU
		{AEE87CBB-1707-4B41-B10B-66F8E1288271}.Debug|Any CPU.ActiveCfg = Debug|Any CPU
		{AEE87CBB-1707-4B41-B10B-66F8E1288271}.Debug|Any CPU.Build.0 = Debug|Any CPU
		{AEE87CBB-1707-4B41-B10B-66F8E1288271}.Release|Any CPU.ActiveCfg = Release|Any CPU
		{AEE87CBB-1707-4B41-B10B-66F8E1288271}.Release|Any CPU.Build.0 = Release|Any CPU
		{C8C3D73A-F652-4061-9BFA-9499BBA33FD8}.Debug|Any CPU.ActiveCfg = Debug|Any CPU
		{C8C3D73A-F652-4061-9BFA-9499BBA33FD8}.Debug|Any CPU.Build.0 = Debug|Any CPU
		{C8C3D73A-F652-4061-9BFA-9499BBA33FD8}.Release|Any CPU.ActiveCfg = Release|Any CPU
		{C8C3D73A-F652-4061-9BFA-9499BBA33FD8}.Release|Any CPU.Build.0 = Release|Any CPU
		{EFC7E6C0-2180-488D-B4B6-BCBE55CBD866}.Debug|Any CPU.ActiveCfg = Debug|Any CPU
		{EFC7E6C0-2180-488D-B4B6-BCBE55CBD866}.Debug|Any CPU.Build.0 = Debug|Any CPU
		{EFC7E6C0-2180-488D-B4B6-BCBE55CBD866}.Release|Any CPU.ActiveCfg = Release|Any CPU
		{EFC7E6C0-2180-488D-B4B6-BCBE55CBD866}.Release|Any CPU.Build.0 = Release|Any CPU
		{AF6C12C5-DEB4-47D5-9FE7-AFE9B3DBEE3E}.Debug|Any CPU.ActiveCfg = Debug|Any CPU
		{AF6C12C5-DEB4-47D5-9FE7-AFE9B3DBEE3E}.Debug|Any CPU.Build.0 = Debug|Any CPU
		{AF6C12C5-DEB4-47D5-9FE7-AFE9B3DBEE3E}.Release|Any CPU.ActiveCfg = Release|Any CPU
		{AF6C12C5-DEB4-47D5-9FE7-AFE9B3DBEE3E}.Release|Any CPU.Build.0 = Release|Any CPU
	EndGlobalSection
	GlobalSection(SolutionProperties) = preSolution
		HideSolutionNode = FALSE
	EndGlobalSection
	GlobalSection(NestedProjects) = preSolution
		{BAC77EF3-CBE5-4F82-8B29-EE3B3DA24193} = {AA36CF97-1A6C-4950-BAD9-9CF9C7209AA6}
		{4CE5129F-0FDA-43C8-B60A-8F62C2A47F8E} = {AA36CF97-1A6C-4950-BAD9-9CF9C7209AA6}
		{89A9C9FF-04F3-42EE-8A28-D16692C6DDB6} = {4ED836F6-CAB5-4CC3-9853-D6EC4D752518}
		{60BDDB4D-25E5-4AD3-886B-F46128BED314} = {4ED836F6-CAB5-4CC3-9853-D6EC4D752518}
		{A27035C3-1471-40C4-B01C-38B085CB66E1} = {B0FDCC01-1F8B-434B-8C1C-FEE7B584E5BC}
		{E7E4FCBF-AA78-4A81-97E6-C3C852ED34B5} = {4ED836F6-CAB5-4CC3-9853-D6EC4D752518}
		{5B628323-41C7-42F4-8162-17877D3C429D} = {4ED836F6-CAB5-4CC3-9853-D6EC4D752518}
		{AEE87CBB-1707-4B41-B10B-66F8E1288271} = {4ED836F6-CAB5-4CC3-9853-D6EC4D752518}
		{C8C3D73A-F652-4061-9BFA-9499BBA33FD8} = {4ED836F6-CAB5-4CC3-9853-D6EC4D752518}
		{EFC7E6C0-2180-488D-B4B6-BCBE55CBD866} = {4ED836F6-CAB5-4CC3-9853-D6EC4D752518}
		{AF6C12C5-DEB4-47D5-9FE7-AFE9B3DBEE3E} = {4ED836F6-CAB5-4CC3-9853-D6EC4D752518}
	EndGlobalSection
	GlobalSection(ExtensibilityGlobals) = postSolution
		SolutionGuid = {8A683330-54BB-4590-8E25-CB5BC127C14D}
	EndGlobalSection
EndGlobal
